
Microsoft Visual Studio Solution File, Format Version 12.00
# Visual Studio 15
VisualStudioVersion = 15.0.27130.2027
MinimumVisualStudioVersion = 10.0.40219.1
Project("{FAE04EC0-301F-11D3-BF4B-00C04F79EFBC}") = "01-ByteBank", "01-ByteBank\01-ByteBank.csproj", "{2F0CECD4-E561-4408-9D47-D28CCEBA4E13}"
EndProject
Global
	GlobalSection(SolutionConfigurationPlatforms) = preSolution
		Debug|Any CPU = Debug|Any CPU
		Release|Any CPU = Release|Any CPU
	EndGlobalSection
	GlobalSection(ProjectConfigurationPlatforms) = postSolution
		{2F0CECD4-E561-4408-9D47-D28CCEBA4E13}.Debug|Any CPU.ActiveCfg = Debug|Any CPU
		{2F0CECD4-E561-4408-9D47-D28CCEBA4E13}.Debug|Any CPU.Build.0 = Debug|Any CPU
		{2F0CECD4-E561-4408-9D47-D28CCEBA4E13}.Release|Any CPU.ActiveCfg = Release|Any CPU
		{2F0CECD4-E561-4408-9D47-D28CCEBA4E13}.Release|Any CPU.Build.0 = Release|Any CPU
	EndGlobalSection
	GlobalSection(SolutionProperties) = preSolution
		HideSolutionNode = FALSE
	EndGlobalSection
	GlobalSection(ExtensibilityGlobals) = postSolution
		SolutionGuid = {FD7CF355-DAF1-4CB9-A2B2-31A454B2732B}
	EndGlobalSection
EndGlobal
